
Microsoft Visual Studio Solution File, Format Version 12.00
# Visual Studio Version 16
VisualStudioVersion = 16.0.30611.23
MinimumVisualStudioVersion = 10.0.40219.1
Project("{FAE04EC0-301F-11D3-BF4B-00C04F79EFBC}") = "Polygon", "Polygon\Polygon.csproj", "{C806831B-4894-481B-ABB5-93E64C56E419}"
EndProject
Global
	GlobalSection(SolutionConfigurationPlatforms) = preSolution
		Debug|Any CPU = Debug|Any CPU
		Release|Any CPU = Release|Any CPU
	EndGlobalSection
	GlobalSection(ProjectConfigurationPlatforms) = postSolution
		{C806831B-4894-481B-ABB5-93E64C56E419}.Debug|Any CPU.ActiveCfg = Debug|Any CPU
		{C806831B-4894-481B-ABB5-93E64C56E419}.Debug|Any CPU.Build.0 = Debug|Any CPU
		{C806831B-4894-481B-ABB5-93E64C56E419}.Release|Any CPU.ActiveCfg = Release|Any CPU
		{C806831B-4894-481B-ABB5-93E64C56E419}.Release|Any CPU.Build.0 = Release|Any CPU
	EndGlobalSection
	GlobalSection(SolutionProperties) = preSolution
		HideSolutionNode = FALSE
	EndGlobalSection
	GlobalSection(ExtensibilityGlobals) = postSolution
		SolutionGuid = {F37FC3D8-EF3E-4059-AB83-6FAC66007823}
	EndGlobalSection
EndGlobal
